{
  "skills": {
    "skill:react-email": {
      "name": "react-email",
      "url": "https://github.com/resend/react-email.git",
      "branch": "main",
      "commit": "b4a91a67313d73668efbdf005a276cb240d2dc78"
    },
    "skill:skill-creator": {
      "name": "skill-creator",
      "url": "https://github.com/openai/skills.git",
      "branch": "main",
      "commit": "0ed2046f287a92b5f4bcace213dcb3cc5f094cb9"
    },
    "skill:agentmail-cli": {
      "name": "agentmail-cli",
      "url": "https://github.com/agentmail-to/agentmail-skills.git",
      "branch": "main",
      "commit": "91672dec153f59e4c30c9a5cc21cb9fd4128e169"
    }
  }
}